
Microsoft Visual Studio Solution File, Format Version 12.00
# Visual Studio Version 16
VisualStudioVersion = 25.0.1704.2
MinimumVisualStudioVersion = 10.0.40219.1
Project("{FAE04EC0-301F-11D3-BF4B-00C04F79EFBC}") = "Slicer", "Slicer\Slicer.csproj", "{281F5E6F-996B-49AB-9409-BC7E7D8EAA07}"
EndProject
Global
	GlobalSection(SolutionConfigurationPlatforms) = preSolution
		Debug|Any CPU = Debug|Any CPU
		Release|Any CPU = Release|Any CPU
	EndGlobalSection
	GlobalSection(ProjectConfigurationPlatforms) = postSolution
		{281F5E6F-996B-49AB-9409-BC7E7D8EAA07}.Debug|Any CPU.ActiveCfg = Debug|Any CPU
		{281F5E6F-996B-49AB-9409-BC7E7D8EAA07}.Debug|Any CPU.Build.0 = Debug|Any CPU
		{281F5E6F-996B-49AB-9409-BC7E7D8EAA07}.Release|Any CPU.ActiveCfg = Release|Any CPU
		{281F5E6F-996B-49AB-9409-BC7E7D8EAA07}.Release|Any CPU.Build.0 = Release|Any CPU
	EndGlobalSection
	GlobalSection(SolutionProperties) = preSolution
		HideSolutionNode = FALSE
	EndGlobalSection
	GlobalSection(ExtensibilityGlobals) = postSolution
		SolutionGuid = {BD5B194A-EA34-4550-9EB4-E09A77142DB7}
	EndGlobalSection
EndGlobal
